# This file was autogenerated by Stack.
# You should not edit this file by hand.
# For more information, please see the documentation at:
#   https://docs.haskellstack.org/en/stable/lock_files

packages:
- completed:
    hackage: cairo-0.13.6.0@sha256:a9122d48957a2dbb5a177e5068b850efa1e99bb22c68eb2571165c3c945a8dd6,4187
    pantry-tree:
      size: 2830
      sha256: 180df55408086398e9901a6bcb2720da6fcecac5f57abcdb4df1251a686f1bb7
  original:
    hackage: cairo-0.13.6.0
- completed:
    hackage: Chart-cairo-1.9.1@sha256:31e502d24fa88f5df025cf76feba07b8394c6f5c4f3dfe3104f6f5001188e73b,879
    pantry-tree:
      size: 238
      sha256: 18295525a28ea02b33eb7e4fff6262f2f7596963744b6997d540cb059c4d6b81
  original:
    hackage: Chart-cairo-1.9.1
- completed:
    hackage: diagrams-cairo-1.4.1@sha256:e08f15a15146da9222344fbc433ccd6103c0a7f1e9dfe21bb1e3d3e36ad83947,3820
    pantry-tree:
      size: 721
      sha256: d046241de911d534c4b554d24090412cedeffb46e92cb5fb3884b5c667f5fc72
  original:
    hackage: diagrams-cairo-1.4.1
- completed:
    hackage: lazy-csv-0.5.1@sha256:aa64ed9012203b6d029458f00696b7be919bde6b5c0b67b7f68dbd4b43df62b3,1404
    pantry-tree:
      size: 451
      sha256: 1594d83f6cf93f83ac1eee367700b9d945bfa1f606ab1d040b4be3665e27085f
  original:
    hackage: lazy-csv-0.5.1
- completed:
    hackage: glib-0.13.7.0@sha256:25f62eb48d104342537dd1c724f07355d56226ca595ce6f1848415fbb7f59fa7,3120
    pantry-tree:
      size: 1625
      sha256: 3c465a6ff9d66eeff421271202e5f2537babf865d38541fed78b983317698c71
  original:
    hackage: glib-0.13.7.0
- completed:
    hackage: gtk2hs-buildtools-0.13.5.0@sha256:a765766c4208a3e4def319ebf280fbb9e7d0a3f28d15922db36970404fb1daee,5238
    pantry-tree:
      size: 3588
      sha256: bcc65d134ad8b4ceb31166eb5d6082575284fe069f28a1dfae43ee968f55461d
  original:
    hackage: gtk2hs-buildtools-0.13.5.0
- completed:
    hackage: pango-0.13.6.0@sha256:ed8d300945bea97ccb652efc73d159634aefebff8c64f60eef6b6ac5ecebc4ae,3881
    pantry-tree:
      size: 1506
      sha256: 4563a04bbeac051cb257534bce68240956868936d64bf1b81c377aae0c98f9b1
  original:
    hackage: pango-0.13.6.0
- completed:
    hackage: plots-0.1.1.2@sha256:01f2ba7ca0c1e00b5231a81b44a3b8b9fd21b49bc333ff4cef880e31c5332935,2034
    pantry-tree:
      size: 5256
      sha256: 7fdbbcfdef97294ccf6b876224f1b7e42227e8e9c9b72c000814ebce78ffbd9f
  original:
    hackage: plots-0.1.1.2
- completed:
    size: 753659
    subdir: .
    url: https://github.com/gibiansky/IHaskell/archive/ac0882dc39d27fbb7f068834f5f111ad1b2cd340.tar.gz
    cabal-file:
      size: 6498
      sha256: 0cf0a6b76891b364754475d61f8d01bbfcef03fa7f0abaf572807450d0f719ab
    name: ihaskell
    version: 0.10.0.0
    sha256: 38b70982559a9238a1ccd5671ad8ac8792ad34d472d262907ea3570a2641c1da
    pantry-tree:
      size: 17085
      sha256: cc277bc17118291b57f8ea736a4eeb358624ecb9407050cf5d1b68d63c534546
  original:
    subdir: .
    url: https://github.com/gibiansky/IHaskell/archive/ac0882dc39d27fbb7f068834f5f111ad1b2cd340.tar.gz
- completed:
    size: 753659
    subdir: ipython-kernel
    url: https://github.com/gibiansky/IHaskell/archive/ac0882dc39d27fbb7f068834f5f111ad1b2cd340.tar.gz
    cabal-file:
      size: 2802
      sha256: 47de9a6de7a8c3f139176ae1ef48a1acd851164d9fa9f8212b31335bace62ad5
    name: ipython-kernel
    version: 0.10.0.0
    sha256: 38b70982559a9238a1ccd5671ad8ac8792ad34d472d262907ea3570a2641c1da
    pantry-tree:
      size: 792
      sha256: b1f490736d2f3446955e313af146b44b7b0dd91e319df4eaa1507aac679e0052
  original:
    subdir: ipython-kernel
    url: https://github.com/gibiansky/IHaskell/archive/ac0882dc39d27fbb7f068834f5f111ad1b2cd340.tar.gz
- completed:
    size: 753659
    subdir: ghc-parser
    url: https://github.com/gibiansky/IHaskell/archive/ac0882dc39d27fbb7f068834f5f111ad1b2cd340.tar.gz
    cabal-file:
      size: 1092
      sha256: 494041ba5cc28768c7b7e8ff6fefa0da4eebef73a51d760f7c8835ef95ebb153
    name: ghc-parser
    version: 0.2.0.3
    sha256: 38b70982559a9238a1ccd5671ad8ac8792ad34d472d262907ea3570a2641c1da
    pantry-tree:
      size: 404
      sha256: 6718e5107c538776b724f0ef49c18e6089a39c104895142b00a77b0c337c4845
  original:
    subdir: ghc-parser
    url: https://github.com/gibiansky/IHaskell/archive/ac0882dc39d27fbb7f068834f5f111ad1b2cd340.tar.gz
- completed:
    size: 753659
    subdir: ihaskell-display/ihaskell-aeson
    url: https://github.com/gibiansky/IHaskell/archive/ac0882dc39d27fbb7f068834f5f111ad1b2cd340.tar.gz
    cabal-file:
      size: 2046
      sha256: a17c90a4fdde49ff3a4b52234b845512115ef72d8340902d15ef2d0bf249ec81
    name: ihaskell-aeson
    version: 0.3.0.1
    sha256: 38b70982559a9238a1ccd5671ad8ac8792ad34d472d262907ea3570a2641c1da
    pantry-tree:
      size: 223
      sha256: a623867319b8f0ca52fe92593d87b7ebd6bdd10c3bc766b45f62855ed9e8b77e
  original:
    subdir: ihaskell-display/ihaskell-aeson
    url: https://github.com/gibiansky/IHaskell/archive/ac0882dc39d27fbb7f068834f5f111ad1b2cd340.tar.gz
- completed:
    size: 753659
    subdir: ihaskell-display/ihaskell-blaze
    url: https://github.com/gibiansky/IHaskell/archive/ac0882dc39d27fbb7f068834f5f111ad1b2cd340.tar.gz
    cabal-file:
      size: 2103
      sha256: 9270098ff961df4f08b4fec0afc94d4790d97cb5f1eae222afed1e11b6ab306a
    name: ihaskell-blaze
    version: 0.3.0.1
    sha256: 38b70982559a9238a1ccd5671ad8ac8792ad34d472d262907ea3570a2641c1da
    pantry-tree:
      size: 223
      sha256: 49433ec399b62d24879c14254f4b9153cf96664fe66418b0ff4ad2c98875082a
  original:
    subdir: ihaskell-display/ihaskell-blaze
    url: https://github.com/gibiansky/IHaskell/archive/ac0882dc39d27fbb7f068834f5f111ad1b2cd340.tar.gz
- completed:
    size: 753659
    subdir: ihaskell-display/ihaskell-charts
    url: https://github.com/gibiansky/IHaskell/archive/ac0882dc39d27fbb7f068834f5f111ad1b2cd340.tar.gz
    cabal-file:
      size: 2068
      sha256: ab6632e6b8ee0dbe99e14f90b0021d1d7aa257e7a906cda15df67079dafbaf95
    name: ihaskell-charts
    version: 0.3.0.1
    sha256: 38b70982559a9238a1ccd5671ad8ac8792ad34d472d262907ea3570a2641c1da
    pantry-tree:
      size: 278
      sha256: 8ee62bd14f3f67672d64f4890ddd12954ebb3978938e9b8a6f94d16b2ab88da0
  original:
    subdir: ihaskell-display/ihaskell-charts
    url: https://github.com/gibiansky/IHaskell/archive/ac0882dc39d27fbb7f068834f5f111ad1b2cd340.tar.gz
- completed:
    size: 753659
    subdir: ihaskell-display/ihaskell-diagrams
    url: https://github.com/gibiansky/IHaskell/archive/ac0882dc39d27fbb7f068834f5f111ad1b2cd340.tar.gz
    cabal-file:
      size: 2411
      sha256: b31d53e32f964793f3a2f5ab6b1379f5b12bb8e149faff6feee312014688dbde
    name: ihaskell-diagrams
    version: 0.3.2.1
    sha256: 38b70982559a9238a1ccd5671ad8ac8792ad34d472d262907ea3570a2641c1da
    pantry-tree:
      size: 437
      sha256: bd00289b25a1a1fd67f961361bd1a63b5da0e5fa04caee512cee3a59b053d690
  original:
    subdir: ihaskell-display/ihaskell-diagrams
    url: https://github.com/gibiansky/IHaskell/archive/ac0882dc39d27fbb7f068834f5f111ad1b2cd340.tar.gz
- completed:
    size: 753659
    subdir: ihaskell-display/ihaskell-gnuplot
    url: https://github.com/gibiansky/IHaskell/archive/ac0882dc39d27fbb7f068834f5f111ad1b2cd340.tar.gz
    cabal-file:
      size: 2068
      sha256: 87cb4896f6ebad4fec068b66a0997392eb209d648ab0ace4c40703f39205406f
    name: ihaskell-gnuplot
    version: 0.1.0.1
    sha256: 38b70982559a9238a1ccd5671ad8ac8792ad34d472d262907ea3570a2641c1da
    pantry-tree:
      size: 228
      sha256: eade3e7f1723b3477e5d5b23f361a5504da45764ef5c57b31f8e0db40d890327
  original:
    subdir: ihaskell-display/ihaskell-gnuplot
    url: https://github.com/gibiansky/IHaskell/archive/ac0882dc39d27fbb7f068834f5f111ad1b2cd340.tar.gz
- completed:
    size: 753659
    subdir: ihaskell-display/ihaskell-hatex
    url: https://github.com/gibiansky/IHaskell/archive/ac0882dc39d27fbb7f068834f5f111ad1b2cd340.tar.gz
    cabal-file:
      size: 661
      sha256: f7e7d6e80b3802a2471fefe6ab4dcbc86f2c5f05cb049ef650c129b0b54c4b82
    name: ihaskell-hatex
    version: 0.2.1.1
    sha256: 38b70982559a9238a1ccd5671ad8ac8792ad34d472d262907ea3570a2641c1da
    pantry-tree:
      size: 270
      sha256: 65f8aceba35d40496d41ae89af624bef67fe9bf17e6ae2eaefbe5599dbeddd2f
  original:
    subdir: ihaskell-display/ihaskell-hatex
    url: https://github.com/gibiansky/IHaskell/archive/ac0882dc39d27fbb7f068834f5f111ad1b2cd340.tar.gz
- completed:
    size: 753659
    subdir: ihaskell-display/ihaskell-juicypixels
    url: https://github.com/gibiansky/IHaskell/archive/ac0882dc39d27fbb7f068834f5f111ad1b2cd340.tar.gz
    cabal-file:
      size: 2566
      sha256: 609252090633984401c494f0cee58335d14d3ec5fb4401c61a6674e3ecd25780
    name: ihaskell-juicypixels
    version: 1.1.0.1
    sha256: 38b70982559a9238a1ccd5671ad8ac8792ad34d472d262907ea3570a2641c1da
    pantry-tree:
      size: 287
      sha256: 8be7961da5a33b5cc1ba563cf7962dcec375d60942d867f6f826b99d0358fe9b
  original:
    subdir: ihaskell-display/ihaskell-juicypixels
    url: https://github.com/gibiansky/IHaskell/archive/ac0882dc39d27fbb7f068834f5f111ad1b2cd340.tar.gz
- completed:
    size: 753659
    subdir: ihaskell-display/ihaskell-magic
    url: https://github.com/gibiansky/IHaskell/archive/ac0882dc39d27fbb7f068834f5f111ad1b2cd340.tar.gz
    cabal-file:
      size: 2226
      sha256: a0b073620c3072813a02dba13038ac4b10d61c0f54453ba6cfea4299c6a3f8e7
    name: ihaskell-magic
    version: 0.3.0.1
    sha256: 38b70982559a9238a1ccd5671ad8ac8792ad34d472d262907ea3570a2641c1da
    pantry-tree:
      size: 273
      sha256: 95ded18ca9c8f34e43c04ceb83aa2d1e9cd5be885216cf5c30bb728f7b1283d8
  original:
    subdir: ihaskell-display/ihaskell-magic
    url: https://github.com/gibiansky/IHaskell/archive/ac0882dc39d27fbb7f068834f5f111ad1b2cd340.tar.gz
- completed:
    hackage: HaTeX-3.21.0.0@sha256:7ed8077cf45f4fa700f72bbf89ef8d6c453eaa6bf1bdd31f065648b5344dbe8b,5329
    pantry-tree:
      size: 6794
      sha256: d9f3f860ffcab8c7f07c10c45e7bb52753f1081f2b3990851ee66c06653e53df
  original:
    hackage: HaTeX-3.21.0.0
- completed:
    hackage: magic-1.1@sha256:3a31ca1c49fa5f6a857f647471739bd240a6020af6ae43e71fb72201fc482fa2,928
    pantry-tree:
      size: 535
      sha256: 8fd594932f36cdf6a93266c48248a6c516d2aa237cd023eed6935ccee7ed230b
  original:
    hackage: magic-1.1
snapshots:
- completed:
    size: 499889
    url: https://raw.githubusercontent.com/commercialhaskell/stackage-snapshots/master/lts/13/26.yaml
    sha256: ecb02ee16829df8d7219e7d7fe6c310819820bf335b0b9534bce84d3ea896684
  original: lts-13.26
