# This file was autogenerated by Stack.
# You should not edit this file by hand.
# For more information, please see the documentation at:
#   https://docs.haskellstack.org/en/stable/lock_files

packages:
- completed:
    hackage: cairo-0.13.6.0@sha256:a9122d48957a2dbb5a177e5068b850efa1e99bb22c68eb2571165c3c945a8dd6,4187
    pantry-tree:
      size: 2830
      sha256: 180df55408086398e9901a6bcb2720da6fcecac5f57abcdb4df1251a686f1bb7
  original:
    hackage: cairo-0.13.6.0
- completed:
    hackage: Chart-cairo-1.9.1@sha256:31e502d24fa88f5df025cf76feba07b8394c6f5c4f3dfe3104f6f5001188e73b,879
    pantry-tree:
      size: 238
      sha256: 18295525a28ea02b33eb7e4fff6262f2f7596963744b6997d540cb059c4d6b81
  original:
    hackage: Chart-cairo-1.9.1
- completed:
    hackage: diagrams-cairo-1.4.1@sha256:e08f15a15146da9222344fbc433ccd6103c0a7f1e9dfe21bb1e3d3e36ad83947,3820
    pantry-tree:
      size: 721
      sha256: d046241de911d534c4b554d24090412cedeffb46e92cb5fb3884b5c667f5fc72
  original:
    hackage: diagrams-cairo-1.4.1
- completed:
    hackage: glib-0.13.7.1@sha256:b517bbbc46f8bd72a8c97fb1d6769705a9b0d006f7cff8b3dc85948511817b11,3120
    pantry-tree:
      size: 1625
      sha256: d7218c2ed9890d7b07030601980f62a57d5e888f656db5f32c3017ec7551a0d2
  original:
    hackage: glib-0.13.7.1
- completed:
    hackage: gtk2hs-buildtools-0.13.5.0@sha256:a765766c4208a3e4def319ebf280fbb9e7d0a3f28d15922db36970404fb1daee,5238
    pantry-tree:
      size: 3588
      sha256: bcc65d134ad8b4ceb31166eb5d6082575284fe069f28a1dfae43ee968f55461d
  original:
    hackage: gtk2hs-buildtools-0.13.5.0
- completed:
    hackage: lazy-csv-0.5.1@sha256:aa64ed9012203b6d029458f00696b7be919bde6b5c0b67b7f68dbd4b43df62b3,1404
    pantry-tree:
      size: 451
      sha256: 1594d83f6cf93f83ac1eee367700b9d945bfa1f606ab1d040b4be3665e27085f
  original:
    hackage: lazy-csv-0.5.1
- completed:
    hackage: pango-0.13.6.1@sha256:177c9b6d865dc8f1634742497c6807a7c37a11e86c0dc93fbc047981d546738a,3881
    pantry-tree:
      size: 1506
      sha256: 216bb39cdc265804f6ddd30c00c82ab156c17dcf8577b85527c287a21b4cb9fb
  original:
    hackage: pango-0.13.6.1
- completed:
    hackage: plots-0.1.1.2@sha256:01f2ba7ca0c1e00b5231a81b44a3b8b9fd21b49bc333ff4cef880e31c5332935,2034
    pantry-tree:
      size: 5256
      sha256: 7fdbbcfdef97294ccf6b876224f1b7e42227e8e9c9b72c000814ebce78ffbd9f
  original:
    hackage: plots-0.1.1.2
snapshots:
- completed:
    size: 499889
    url: https://raw.githubusercontent.com/commercialhaskell/stackage-snapshots/master/lts/13/26.yaml
    sha256: ecb02ee16829df8d7219e7d7fe6c310819820bf335b0b9534bce84d3ea896684
  original: lts-13.26
